// !$*UTF8*$!
{
	archiveVersion = 1;
	classes = {
	};
	objectVersion = 55;
	objects = {

/* Begin PBXBuildFile section */
		7B0E0C7B2937A9E000816C9B /* UIImageResize.swift in Sources */ = {isa = PBXBuildFile; fileRef = 7B0E0C7A2937A9E000816C9B /* UIImageResize.swift */; };
		7B0E0C7E2937CE9E00816C9B /* GalleyDetailViewController.swift in Sources */ = {isa = PBXBuildFile; fileRef = 7B0E0C7D2937CE9E00816C9B /* GalleyDetailViewController.swift */; };
		7B0EF88A2923DA93003A19B1 /* GalleryCellCollectionViewCell.swift in Sources */ = {isa = PBXBuildFile; fileRef = 7B0EF8882923DA93003A19B1 /* GalleryCellCollectionViewCell.swift */; };
		7B0EF88B2923DA93003A19B1 /* GalleryCellCollectionViewCell.xib in Resources */ = {isa = PBXBuildFile; fileRef = 7B0EF8892923DA93003A19B1 /* GalleryCellCollectionViewCell.xib */; };
		7B395FA02923B8B100EFFBCD /* Constant.swift in Sources */ = {isa = PBXBuildFile; fileRef = 7B395F9F2923B8B100EFFBCD /* Constant.swift */; };
		7B463655291592AD002B23C6 /* AppDelegate.swift in Sources */ = {isa = PBXBuildFile; fileRef = 7B463654291592AD002B23C6 /* AppDelegate.swift */; };
		7B463657291592AD002B23C6 /* SceneDelegate.swift in Sources */ = {isa = PBXBuildFile; fileRef = 7B463656291592AD002B23C6 /* SceneDelegate.swift */; };
		7B463659291592AD002B23C6 /* ViewController.swift in Sources */ = {isa = PBXBuildFile; fileRef = 7B463658291592AD002B23C6 /* ViewController.swift */; };
		7B46365C291592AD002B23C6 /* Main.storyboard in Resources */ = {isa = PBXBuildFile; fileRef = 7B46365A291592AD002B23C6 /* Main.storyboard */; };
		7B46365E291592B1002B23C6 /* Assets.xcassets in Resources */ = {isa = PBXBuildFile; fileRef = 7B46365D291592B1002B23C6 /* Assets.xcassets */; };
		7B463661291592B1002B23C6 /* LaunchScreen.storyboard in Resources */ = {isa = PBXBuildFile; fileRef = 7B46365F291592B1002B23C6 /* LaunchScreen.storyboard */; };
		7B46366C291592B1002B23C6 /* Photo_Gallery_App_UiKitTests.swift in Sources */ = {isa = PBXBuildFile; fileRef = 7B46366B291592B1002B23C6 /* Photo_Gallery_App_UiKitTests.swift */; };
		7B463676291592B1002B23C6 /* Photo_Gallery_App_UiKitUITests.swift in Sources */ = {isa = PBXBuildFile; fileRef = 7B463675291592B1002B23C6 /* Photo_Gallery_App_UiKitUITests.swift */; };
		7B463678291592B1002B23C6 /* Photo_Gallery_App_UiKitUITestsLaunchTests.swift in Sources */ = {isa = PBXBuildFile; fileRef = 7B463677291592B1002B23C6 /* Photo_Gallery_App_UiKitUITestsLaunchTests.swift */; };
		7B7A5711291E780900B56CD0 /* Photo_Gallery_With_Firebase_SDK.framework in Frameworks */ = {isa = PBXBuildFile; fileRef = 7B6D20BB291D90C4000387BF /* Photo_Gallery_With_Firebase_SDK.framework */; };
		7B7A5712291E780900B56CD0 /* Photo_Gallery_With_Firebase_SDK.framework in Embed Frameworks */ = {isa = PBXBuildFile; fileRef = 7B6D20BB291D90C4000387BF /* Photo_Gallery_With_Firebase_SDK.framework */; settings = {ATTRIBUTES = (CodeSignOnCopy, RemoveHeadersOnCopy, ); }; };
		7B9D19122923B40500C719C0 /* HomeViewController.swift in Sources */ = {isa = PBXBuildFile; fileRef = 7B9D19112923B40500C719C0 /* HomeViewController.swift */; };
		7B9D19152923B42600C719C0 /* PermissionViewController.swift in Sources */ = {isa = PBXBuildFile; fileRef = 7B9D19142923B42600C719C0 /* PermissionViewController.swift */; };
		7B9D19182923B44C00C719C0 /* SignInViewController.swift in Sources */ = {isa = PBXBuildFile; fileRef = 7B9D19172923B44C00C719C0 /* SignInViewController.swift */; };
		7B9D191B2923B46800C719C0 /* SignUpViewController.swift in Sources */ = {isa = PBXBuildFile; fileRef = 7B9D191A2923B46800C719C0 /* SignUpViewController.swift */; };
		7B9D191E2923B49300C719C0 /* OnboardingViewController.swift in Sources */ = {isa = PBXBuildFile; fileRef = 7B9D191D2923B49300C719C0 /* OnboardingViewController.swift */; };
		7B9D19202923B53900C719C0 /* GalleryCollectionViewController.swift in Sources */ = {isa = PBXBuildFile; fileRef = 7B9D191F2923B53900C719C0 /* GalleryCollectionViewController.swift */; };
		7BC068D2292D22A900975349 /* IQKeyboardManagerSwift in Frameworks */ = {isa = PBXBuildFile; productRef = 7BC068D1292D22A900975349 /* IQKeyboardManagerSwift */; };
/* End PBXBuildFile section */

/* Begin PBXContainerItemProxy section */
		7B463668291592B1002B23C6 /* PBXContainerItemProxy */ = {
			isa = PBXContainerItemProxy;
			containerPortal = 7B463649291592AD002B23C6 /* Project object */;
			proxyType = 1;
			remoteGlobalIDString = 7B463650291592AD002B23C6;
			remoteInfo = "Photo Gallery App UiKit";
		};
		7B463672291592B1002B23C6 /* PBXContainerItemProxy */ = {
			isa = PBXContainerItemProxy;
			containerPortal = 7B463649291592AD002B23C6 /* Project object */;
			proxyType = 1;
			remoteGlobalIDString = 7B463650291592AD002B23C6;
			remoteInfo = "Photo Gallery App UiKit";
		};
/* End PBXContainerItemProxy section */

/* Begin PBXCopyFilesBuildPhase section */
		7B7A5713291E780900B56CD0 /* Embed Frameworks */ = {
			isa = PBXCopyFilesBuildPhase;
			buildActionMask = 2147483647;
			dstPath = "";
			dstSubfolderSpec = 10;
			files = (
				7B7A5712291E780900B56CD0 /* Photo_Gallery_With_Firebase_SDK.framework in Embed Frameworks */,
			);
			name = "Embed Frameworks";
			runOnlyForDeploymentPostprocessing = 0;
		};
/* End PBXCopyFilesBuildPhase section */

/* Begin PBXFileReference section */
		7B0E0C7A2937A9E000816C9B /* UIImageResize.swift */ = {isa = PBXFileReference; lastKnownFileType = sourcecode.swift; path = UIImageResize.swift; sourceTree = "<group>"; };
		7B0E0C7D2937CE9E00816C9B /* GalleyDetailViewController.swift */ = {isa = PBXFileReference; lastKnownFileType = sourcecode.swift; path = GalleyDetailViewController.swift; sourceTree = "<group>"; };
		7B0EF8882923DA93003A19B1 /* GalleryCellCollectionViewCell.swift */ = {isa = PBXFileReference; lastKnownFileType = sourcecode.swift; path = GalleryCellCollectionViewCell.swift; sourceTree = "<group>"; };
		7B0EF8892923DA93003A19B1 /* GalleryCellCollectionViewCell.xib */ = {isa = PBXFileReference; lastKnownFileType = file.xib; path = GalleryCellCollectionViewCell.xib; sourceTree = "<group>"; };
		7B395F9F2923B8B100EFFBCD /* Constant.swift */ = {isa = PBXFileReference; lastKnownFileType = sourcecode.swift; path = Constant.swift; sourceTree = "<group>"; };
		7B463651291592AD002B23C6 /* Photo Gallery App UiKit.app */ = {isa = PBXFileReference; explicitFileType = wrapper.application; includeInIndex = 0; path = "Photo Gallery App UiKit.app"; sourceTree = BUILT_PRODUCTS_DIR; };
		7B463654291592AD002B23C6 /* AppDelegate.swift */ = {isa = PBXFileReference; lastKnownFileType = sourcecode.swift; path = AppDelegate.swift; sourceTree = "<group>"; };
		7B463656291592AD002B23C6 /* SceneDelegate.swift */ = {isa = PBXFileReference; lastKnownFileType = sourcecode.swift; path = SceneDelegate.swift; sourceTree = "<group>"; };
		7B463658291592AD002B23C6 /* ViewController.swift */ = {isa = PBXFileReference; lastKnownFileType = sourcecode.swift; path = ViewController.swift; sourceTree = "<group>"; };
		7B46365B291592AD002B23C6 /* Base */ = {isa = PBXFileReference; lastKnownFileType = file.storyboard; name = Base; path = Base.lproj/Main.storyboard; sourceTree = "<group>"; };
		7B46365D291592B1002B23C6 /* Assets.xcassets */ = {isa = PBXFileReference; lastKnownFileType = folder.assetcatalog; path = Assets.xcassets; sourceTree = "<group>"; };
		7B463660291592B1002B23C6 /* Base */ = {isa = PBXFileReference; lastKnownFileType = file.storyboard; name = Base; path = Base.lproj/LaunchScreen.storyboard; sourceTree = "<group>"; };
		7B463662291592B1002B23C6 /* Info.plist */ = {isa = PBXFileReference; lastKnownFileType = text.plist.xml; path = Info.plist; sourceTree = "<group>"; };
		7B463667291592B1002B23C6 /* Photo Gallery App UiKitTests.xctest */ = {isa = PBXFileReference; explicitFileType = wrapper.cfbundle; includeInIndex = 0; path = "Photo Gallery App UiKitTests.xctest"; sourceTree = BUILT_PRODUCTS_DIR; };
		7B46366B291592B1002B23C6 /* Photo_Gallery_App_UiKitTests.swift */ = {isa = PBXFileReference; lastKnownFileType = sourcecode.swift; path = Photo_Gallery_App_UiKitTests.swift; sourceTree = "<group>"; };
		7B463671291592B1002B23C6 /* Photo Gallery App UiKitUITests.xctest */ = {isa = PBXFileReference; explicitFileType = wrapper.cfbundle; includeInIndex = 0; path = "Photo Gallery App UiKitUITests.xctest"; sourceTree = BUILT_PRODUCTS_DIR; };
		7B463675291592B1002B23C6 /* Photo_Gallery_App_UiKitUITests.swift */ = {isa = PBXFileReference; lastKnownFileType = sourcecode.swift; path = Photo_Gallery_App_UiKitUITests.swift; sourceTree = "<group>"; };
		7B463677291592B1002B23C6 /* Photo_Gallery_App_UiKitUITestsLaunchTests.swift */ = {isa = PBXFileReference; lastKnownFileType = sourcecode.swift; path = Photo_Gallery_App_UiKitUITestsLaunchTests.swift; sourceTree = "<group>"; };
		7B6D20BB291D90C4000387BF /* Photo_Gallery_With_Firebase_SDK.framework */ = {isa = PBXFileReference; explicitFileType = wrapper.framework; path = Photo_Gallery_With_Firebase_SDK.framework; sourceTree = BUILT_PRODUCTS_DIR; };
		7B9D19112923B40500C719C0 /* HomeViewController.swift */ = {isa = PBXFileReference; lastKnownFileType = sourcecode.swift; path = HomeViewController.swift; sourceTree = "<group>"; };
		7B9D19142923B42600C719C0 /* PermissionViewController.swift */ = {isa = PBXFileReference; lastKnownFileType = sourcecode.swift; path = PermissionViewController.swift; sourceTree = "<group>"; };
		7B9D19172923B44C00C719C0 /* SignInViewController.swift */ = {isa = PBXFileReference; lastKnownFileType = sourcecode.swift; path = SignInViewController.swift; sourceTree = "<group>"; };
		7B9D191A2923B46800C719C0 /* SignUpViewController.swift */ = {isa = PBXFileReference; lastKnownFileType = sourcecode.swift; path = SignUpViewController.swift; sourceTree = "<group>"; };
		7B9D191D2923B49300C719C0 /* OnboardingViewController.swift */ = {isa = PBXFileReference; lastKnownFileType = sourcecode.swift; path = OnboardingViewController.swift; sourceTree = "<group>"; };
		7B9D191F2923B53900C719C0 /* GalleryCollectionViewController.swift */ = {isa = PBXFileReference; lastKnownFileType = sourcecode.swift; path = GalleryCollectionViewController.swift; sourceTree = "<group>"; };
/* End PBXFileReference section */

/* Begin PBXFrameworksBuildPhase section */
		7B46364E291592AD002B23C6 /* Frameworks */ = {
			isa = PBXFrameworksBuildPhase;
			buildActionMask = 2147483647;
			files = (
				7B7A5711291E780900B56CD0 /* Photo_Gallery_With_Firebase_SDK.framework in Frameworks */,
				7BC068D2292D22A900975349 /* IQKeyboardManagerSwift in Frameworks */,
			);
			runOnlyForDeploymentPostprocessing = 0;
		};
		7B463664291592B1002B23C6 /* Frameworks */ = {
			isa = PBXFrameworksBuildPhase;
			buildActionMask = 2147483647;
			files = (
			);
			runOnlyForDeploymentPostprocessing = 0;
		};
		7B46366E291592B1002B23C6 /* Frameworks */ = {
			isa = PBXFrameworksBuildPhase;
			buildActionMask = 2147483647;
			files = (
			);
			runOnlyForDeploymentPostprocessing = 0;
		};
/* End PBXFrameworksBuildPhase section */

/* Begin PBXGroup section */
		7B0E0C7C2937CE7000816C9B /* GalleyDetail */ = {
			isa = PBXGroup;
			children = (
				7B0E0C7D2937CE9E00816C9B /* GalleyDetailViewController.swift */,
			);
			path = GalleyDetail;
			sourceTree = "<group>";
		};
		7B0EF8872923DA70003A19B1 /* GalleryCell */ = {
			isa = PBXGroup;
			children = (
				7B0EF8882923DA93003A19B1 /* GalleryCellCollectionViewCell.swift */,
				7B0EF8892923DA93003A19B1 /* GalleryCellCollectionViewCell.xib */,
			);
			path = GalleryCell;
			sourceTree = "<group>";
		};
		7B395F9E2923B89E00EFFBCD /* Common */ = {
			isa = PBXGroup;
			children = (
				7B395F9F2923B8B100EFFBCD /* Constant.swift */,
				7B0E0C7A2937A9E000816C9B /* UIImageResize.swift */,
			);
			path = Common;
			sourceTree = "<group>";
		};
		7B463648291592AD002B23C6 = {
			isa = PBXGroup;
			children = (
				7B463653291592AD002B23C6 /* Photo Gallery App UiKit */,
				7B46366A291592B1002B23C6 /* Photo Gallery App UiKitTests */,
				7B463674291592B1002B23C6 /* Photo Gallery App UiKitUITests */,
				7B463652291592AD002B23C6 /* Products */,
				7B6D20BA291D909A000387BF /* Frameworks */,
			);
			sourceTree = "<group>";
		};
		7B463652291592AD002B23C6 /* Products */ = {
			isa = PBXGroup;
			children = (
				7B463651291592AD002B23C6 /* Photo Gallery App UiKit.app */,
				7B463667291592B1002B23C6 /* Photo Gallery App UiKitTests.xctest */,
				7B463671291592B1002B23C6 /* Photo Gallery App UiKitUITests.xctest */,
			);
			name = Products;
			sourceTree = "<group>";
		};
		7B463653291592AD002B23C6 /* Photo Gallery App UiKit */ = {
			isa = PBXGroup;
			children = (
				7B395F9E2923B89E00EFFBCD /* Common */,
				7B9D191C2923B48400C719C0 /* Onboarding */,
				7B9D19162923B43300C719C0 /* SignIn */,
				7B9D19192923B45A00C719C0 /* SignUp */,
				7B9D19132923B41300C719C0 /* Permission */,
				7B9D19102923B3E200C719C0 /* Home */,
				7B9D190D2923B34D00C719C0 /* Gallery */,
				7B0E0C7C2937CE7000816C9B /* GalleyDetail */,
				7B463654291592AD002B23C6 /* AppDelegate.swift */,
				7B463656291592AD002B23C6 /* SceneDelegate.swift */,
				7B463658291592AD002B23C6 /* ViewController.swift */,
				7B46365A291592AD002B23C6 /* Main.storyboard */,
				7B46365D291592B1002B23C6 /* Assets.xcassets */,
				7B46365F291592B1002B23C6 /* LaunchScreen.storyboard */,
				7B463662291592B1002B23C6 /* Info.plist */,
			);
			path = "Photo Gallery App UiKit";
			sourceTree = "<group>";
		};
		7B46366A291592B1002B23C6 /* Photo Gallery App UiKitTests */ = {
			isa = PBXGroup;
			children = (
				7B46366B291592B1002B23C6 /* Photo_Gallery_App_UiKitTests.swift */,
			);
			path = "Photo Gallery App UiKitTests";
			sourceTree = "<group>";
		};
		7B463674291592B1002B23C6 /* Photo Gallery App UiKitUITests */ = {
			isa = PBXGroup;
			children = (
				7B463675291592B1002B23C6 /* Photo_Gallery_App_UiKitUITests.swift */,
				7B463677291592B1002B23C6 /* Photo_Gallery_App_UiKitUITestsLaunchTests.swift */,
			);
			path = "Photo Gallery App UiKitUITests";
			sourceTree = "<group>";
		};
		7B6D20BA291D909A000387BF /* Frameworks */ = {
			isa = PBXGroup;
			children = (
				7B6D20BB291D90C4000387BF /* Photo_Gallery_With_Firebase_SDK.framework */,
			);
			name = Frameworks;
			sourceTree = "<group>";
		};
		7B9D190D2923B34D00C719C0 /* Gallery */ = {
			isa = PBXGroup;
			children = (
				7B0EF8872923DA70003A19B1 /* GalleryCell */,
				7B9D191F2923B53900C719C0 /* GalleryCollectionViewController.swift */,
			);
			path = Gallery;
			sourceTree = "<group>";
		};
		7B9D19102923B3E200C719C0 /* Home */ = {
			isa = PBXGroup;
			children = (
				7B9D19112923B40500C719C0 /* HomeViewController.swift */,
			);
			path = Home;
			sourceTree = "<group>";
		};
		7B9D19132923B41300C719C0 /* Permission */ = {
			isa = PBXGroup;
			children = (
				7B9D19142923B42600C719C0 /* PermissionViewController.swift */,
			);
			path = Permission;
			sourceTree = "<group>";
		};
		7B9D19162923B43300C719C0 /* SignIn */ = {
			isa = PBXGroup;
			children = (
				7B9D19172923B44C00C719C0 /* SignInViewController.swift */,
			);
			path = SignIn;
			sourceTree = "<group>";
		};
		7B9D19192923B45A00C719C0 /* SignUp */ = {
			isa = PBXGroup;
			children = (
				7B9D191A2923B46800C719C0 /* SignUpViewController.swift */,
			);
			path = SignUp;
			sourceTree = "<group>";
		};
		7B9D191C2923B48400C719C0 /* Onboarding */ = {
			isa = PBXGroup;
			children = (
				7B9D191D2923B49300C719C0 /* OnboardingViewController.swift */,
			);
			path = Onboarding;
			sourceTree = "<group>";
		};
/* End PBXGroup section */

/* Begin PBXNativeTarget section */
		7B463650291592AD002B23C6 /* Photo Gallery App UiKit */ = {
			isa = PBXNativeTarget;
			buildConfigurationList = 7B46367B291592B1002B23C6 /* Build configuration list for PBXNativeTarget "Photo Gallery App UiKit" */;
			buildPhases = (
				7B46364D291592AD002B23C6 /* Sources */,
				7B46364E291592AD002B23C6 /* Frameworks */,
				7B46364F291592AD002B23C6 /* Resources */,
				7B7A5713291E780900B56CD0 /* Embed Frameworks */,
			);
			buildRules = (
			);
			dependencies = (
			);
			name = "Photo Gallery App UiKit";
			packageProductDependencies = (
				7BC068D1292D22A900975349 /* IQKeyboardManagerSwift */,
			);
			productName = "Photo Gallery App UiKit";
			productReference = 7B463651291592AD002B23C6 /* Photo Gallery App UiKit.app */;
			productType = "com.apple.product-type.application";
		};
		7B463666291592B1002B23C6 /* Photo Gallery App UiKitTests */ = {
			isa = PBXNativeTarget;
			buildConfigurationList = 7B46367E291592B1002B23C6 /* Build configuration list for PBXNativeTarget "Photo Gallery App UiKitTests" */;
			buildPhases = (
				7B463663291592B1002B23C6 /* Sources */,
				7B463664291592B1002B23C6 /* Frameworks */,
				7B463665291592B1002B23C6 /* Resources */,
			);
			buildRules = (
			);
			dependencies = (
				7B463669291592B1002B23C6 /* PBXTargetDependency */,
			);
			name = "Photo Gallery App UiKitTests";
			productName = "Photo Gallery App UiKitTests";
			productReference = 7B463667291592B1002B23C6 /* Photo Gallery App UiKitTests.xctest */;
			productType = "com.apple.product-type.bundle.unit-test";
		};
		7B463670291592B1002B23C6 /* Photo Gallery App UiKitUITests */ = {
			isa = PBXNativeTarget;
			buildConfigurationList = 7B463681291592B1002B23C6 /* Build configuration list for PBXNativeTarget "Photo Gallery App UiKitUITests" */;
			buildPhases = (
				7B46366D291592B1002B23C6 /* Sources */,
				7B46366E291592B1002B23C6 /* Frameworks */,
				7B46366F291592B1002B23C6 /* Resources */,
			);
			buildRules = (
			);
			dependencies = (
				7B463673291592B1002B23C6 /* PBXTargetDependency */,
			);
			name = "Photo Gallery App UiKitUITests";
			productName = "Photo Gallery App UiKitUITests";
			productReference = 7B463671291592B1002B23C6 /* Photo Gallery App UiKitUITests.xctest */;
			productType = "com.apple.product-type.bundle.ui-testing";
		};
/* End PBXNativeTarget section */

/* Begin PBXProject section */
		7B463649291592AD002B23C6 /* Project object */ = {
			isa = PBXProject;
			attributes = {
				BuildIndependentTargetsInParallel = 1;
				LastSwiftUpdateCheck = 1340;
				LastUpgradeCheck = 1340;
				TargetAttributes = {
					7B463650291592AD002B23C6 = {
						CreatedOnToolsVersion = 13.4.1;
					};
					7B463666291592B1002B23C6 = {
						CreatedOnToolsVersion = 13.4.1;
						TestTargetID = 7B463650291592AD002B23C6;
					};
					7B463670291592B1002B23C6 = {
						CreatedOnToolsVersion = 13.4.1;
						TestTargetID = 7B463650291592AD002B23C6;
					};
				};
			};
			buildConfigurationList = 7B46364C291592AD002B23C6 /* Build configuration list for PBXProject "Photo Gallery App UiKit" */;
			compatibilityVersion = "Xcode 13.0";
			developmentRegion = en;
			hasScannedForEncodings = 0;
			knownRegions = (
				en,
				Base,
			);
			mainGroup = 7B463648291592AD002B23C6;
			packageReferences = (
				7BC068D0292D22A900975349 /* XCRemoteSwiftPackageReference "IQKeyboardManager" */,
			);
			productRefGroup = 7B463652291592AD002B23C6 /* Products */;
			projectDirPath = "";
			projectRoot = "";
			targets = (
				7B463650291592AD002B23C6 /* Photo Gallery App UiKit */,
				7B463666291592B1002B23C6 /* Photo Gallery App UiKitTests */,
				7B463670291592B1002B23C6 /* Photo Gallery App UiKitUITests */,
			);
		};
/* End PBXProject section */

/* Begin PBXResourcesBuildPhase section */
		7B46364F291592AD002B23C6 /* Resources */ = {
			isa = PBXResourcesBuildPhase;
			buildActionMask = 2147483647;
			files = (
				7B463661291592B1002B23C6 /* LaunchScreen.storyboard in Resources */,
				7B46365E291592B1002B23C6 /* Assets.xcassets in Resources */,
				7B46365C291592AD002B23C6 /* Main.storyboard in Resources */,
				7B0EF88B2923DA93003A19B1 /* GalleryCellCollectionViewCell.xib in Resources */,
			);
			runOnlyForDeploymentPostprocessing = 0;
		};
		7B463665291592B1002B23C6 /* Resources */ = {
			isa = PBXResourcesBuildPhase;
			buildActionMask = 2147483647;
			files = (
			);
			runOnlyForDeploymentPostprocessing = 0;
		};
		7B46366F291592B1002B23C6 /* Resources */ = {
			isa = PBXResourcesBuildPhase;
			buildActionMask = 2147483647;
			files = (
			);
			runOnlyForDeploymentPostprocessing = 0;
		};
/* End PBXResourcesBuildPhase section */

/* Begin PBXSourcesBuildPhase section */
		7B46364D291592AD002B23C6 /* Sources */ = {
			isa = PBXSourcesBuildPhase;
			buildActionMask = 2147483647;
			files = (
				7B9D19182923B44C00C719C0 /* SignInViewController.swift in Sources */,
				7B0E0C7B2937A9E000816C9B /* UIImageResize.swift in Sources */,
				7B9D19122923B40500C719C0 /* HomeViewController.swift in Sources */,
				7B9D191B2923B46800C719C0 /* SignUpViewController.swift in Sources */,
				7B9D19152923B42600C719C0 /* PermissionViewController.swift in Sources */,
				7B463659291592AD002B23C6 /* ViewController.swift in Sources */,
				7B463655291592AD002B23C6 /* AppDelegate.swift in Sources */,
				7B0EF88A2923DA93003A19B1 /* GalleryCellCollectionViewCell.swift in Sources */,
				7B9D191E2923B49300C719C0 /* OnboardingViewController.swift in Sources */,
				7B395FA02923B8B100EFFBCD /* Constant.swift in Sources */,
				7B9D19202923B53900C719C0 /* GalleryCollectionViewController.swift in Sources */,
				7B0E0C7E2937CE9E00816C9B /* GalleyDetailViewController.swift in Sources */,
				7B463657291592AD002B23C6 /* SceneDelegate.swift in Sources */,
			);
			runOnlyForDeploymentPostprocessing = 0;
		};
		7B463663291592B1002B23C6 /* Sources */ = {
			isa = PBXSourcesBuildPhase;
			buildActionMask = 2147483647;
			files = (
				7B46366C291592B1002B23C6 /* Photo_Gallery_App_UiKitTests.swift in Sources */,
			);
			runOnlyForDeploymentPostprocessing = 0;
		};
		7B46366D291592B1002B23C6 /* Sources */ = {
			isa = PBXSourcesBuildPhase;
			buildActionMask = 2147483647;
			files = (
				7B463676291592B1002B23C6 /* Photo_Gallery_App_UiKitUITests.swift in Sources */,
				7B463678291592B1002B23C6 /* Photo_Gallery_App_UiKitUITestsLaunchTests.swift in Sources */,
			);
			runOnlyForDeploymentPostprocessing = 0;
		};
/* End PBXSourcesBuildPhase section */

/* Begin PBXTargetDependency section */
		7B463669291592B1002B23C6 /* PBXTargetDependency */ = {
			isa = PBXTargetDependency;
			target = 7B463650291592AD002B23C6 /* Photo Gallery App UiKit */;
			targetProxy = 7B463668291592B1002B23C6 /* PBXContainerItemProxy */;
		};
		7B463673291592B1002B23C6 /* PBXTargetDependency */ = {
			isa = PBXTargetDependency;
			target = 7B463650291592AD002B23C6 /* Photo Gallery App UiKit */;
			targetProxy = 7B463672291592B1002B23C6 /* PBXContainerItemProxy */;
		};
/* End PBXTargetDependency section */

/* Begin PBXVariantGroup section */
		7B46365A291592AD002B23C6 /* Main.storyboard */ = {
			isa = PBXVariantGroup;
			children = (
				7B46365B291592AD002B23C6 /* Base */,
			);
			name = Main.storyboard;
			sourceTree = "<group>";
		};
		7B46365F291592B1002B23C6 /* LaunchScreen.storyboard */ = {
			isa = PBXVariantGroup;
			children = (
				7B463660291592B1002B23C6 /* Base */,
			);
			name = LaunchScreen.storyboard;
			sourceTree = "<group>";
		};
/* End PBXVariantGroup section */

/* Begin XCBuildConfiguration section */
		7B463679291592B1002B23C6 /* Debug */ = {
			isa = XCBuildConfiguration;
			buildSettings = {
				ALWAYS_SEARCH_USER_PATHS = NO;
				CLANG_ANALYZER_NONNULL = YES;
				CLANG_ANALYZER_NUMBER_OBJECT_CONVERSION = YES_AGGRESSIVE;
				CLANG_CXX_LANGUAGE_STANDARD = "gnu++17";
				CLANG_ENABLE_MODULES = YES;
				CLANG_ENABLE_OBJC_ARC = YES;
				CLANG_ENABLE_OBJC_WEAK = YES;
				CLANG_WARN_BLOCK_CAPTURE_AUTORELEASING = YES;
				CLANG_WARN_BOOL_CONVERSION = YES;
				CLANG_WARN_COMMA = YES;
				CLANG_WARN_CONSTANT_CONVERSION = YES;
				CLANG_WARN_DEPRECATED_OBJC_IMPLEMENTATIONS = YES;
				CLANG_WARN_DIRECT_OBJC_ISA_USAGE = YES_ERROR;
				CLANG_WARN_DOCUMENTATION_COMMENTS = YES;
				CLANG_WARN_EMPTY_BODY = YES;
				CLANG_WARN_ENUM_CONVERSION = YES;
				CLANG_WARN_INFINITE_RECURSION = YES;
				CLANG_WARN_INT_CONVERSION = YES;
				CLANG_WARN_NON_LITERAL_NULL_CONVERSION = YES;
				CLANG_WARN_OBJC_IMPLICIT_RETAIN_SELF = YES;
				CLANG_WARN_OBJC_LITERAL_CONVERSION = YES;
				CLANG_WARN_OBJC_ROOT_CLASS = YES_ERROR;
				CLANG_WARN_QUOTED_INCLUDE_IN_FRAMEWORK_HEADER = YES;
				CLANG_WARN_RANGE_LOOP_ANALYSIS = YES;
				CLANG_WARN_STRICT_PROTOTYPES = YES;
				CLANG_WARN_SUSPICIOUS_MOVE = YES;
				CLANG_WARN_UNGUARDED_AVAILABILITY = YES_AGGRESSIVE;
				CLANG_WARN_UNREACHABLE_CODE = YES;
				CLANG_WARN__DUPLICATE_METHOD_MATCH = YES;
				COPY_PHASE_STRIP = NO;
				DEBUG_INFORMATION_FORMAT = dwarf;
				ENABLE_STRICT_OBJC_MSGSEND = YES;
				ENABLE_TESTABILITY = YES;
				GCC_C_LANGUAGE_STANDARD = gnu11;
				GCC_DYNAMIC_NO_PIC = NO;
				GCC_NO_COMMON_BLOCKS = YES;
				GCC_OPTIMIZATION_LEVEL = 0;
				GCC_PREPROCESSOR_DEFINITIONS = (
					"DEBUG=1",
					"$(inherited)",
				);
				GCC_WARN_64_TO_32_BIT_CONVERSION = YES;
				GCC_WARN_ABOUT_RETURN_TYPE = YES_ERROR;
				GCC_WARN_UNDECLARED_SELECTOR = YES;
				GCC_WARN_UNINITIALIZED_AUTOS = YES_AGGRESSIVE;
				GCC_WARN_UNUSED_FUNCTION = YES;
				GCC_WARN_UNUSED_VARIABLE = YES;
				IPHONEOS_DEPLOYMENT_TARGET = 15.5;
				MTL_ENABLE_DEBUG_INFO = INCLUDE_SOURCE;
				MTL_FAST_MATH = YES;
				ONLY_ACTIVE_ARCH = YES;
				SDKROOT = iphoneos;
				SWIFT_ACTIVE_COMPILATION_CONDITIONS = DEBUG;
				SWIFT_OPTIMIZATION_LEVEL = "-Onone";
			};
			name = Debug;
		};
		7B46367A291592B1002B23C6 /* Release */ = {
			isa = XCBuildConfiguration;
			buildSettings = {
				ALWAYS_SEARCH_USER_PATHS = NO;
				CLANG_ANALYZER_NONNULL = YES;
				CLANG_ANALYZER_NUMBER_OBJECT_CONVERSION = YES_AGGRESSIVE;
				CLANG_CXX_LANGUAGE_STANDARD = "gnu++17";
				CLANG_ENABLE_MODULES = YES;
				CLANG_ENABLE_OBJC_ARC = YES;
				CLANG_ENABLE_OBJC_WEAK = YES;
				CLANG_WARN_BLOCK_CAPTURE_AUTORELEASING = YES;
				CLANG_WARN_BOOL_CONVERSION = YES;
				CLANG_WARN_COMMA = YES;
				CLANG_WARN_CONSTANT_CONVERSION = YES;
				CLANG_WARN_DEPRECATED_OBJC_IMPLEMENTATIONS = YES;
				CLANG_WARN_DIRECT_OBJC_ISA_USAGE = YES_ERROR;
				CLANG_WARN_DOCUMENTATION_COMMENTS = YES;
				CLANG_WARN_EMPTY_BODY = YES;
				CLANG_WARN_ENUM_CONVERSION = YES;
				CLANG_WARN_INFINITE_RECURSION = YES;
				CLANG_WARN_INT_CONVERSION = YES;
				CLANG_WARN_NON_LITERAL_NULL_CONVERSION = YES;
				CLANG_WARN_OBJC_IMPLICIT_RETAIN_SELF = YES;
				CLANG_WARN_OBJC_LITERAL_CONVERSION = YES;
				CLANG_WARN_OBJC_ROOT_CLASS = YES_ERROR;
				CLANG_WARN_QUOTED_INCLUDE_IN_FRAMEWORK_HEADER = YES;
				CLANG_WARN_RANGE_LOOP_ANALYSIS = YES;
				CLANG_WARN_STRICT_PROTOTYPES = YES;
				CLANG_WARN_SUSPICIOUS_MOVE = YES;
				CLANG_WARN_UNGUARDED_AVAILABILITY = YES_AGGRESSIVE;
				CLANG_WARN_UNREACHABLE_CODE = YES;
				CLANG_WARN__DUPLICATE_METHOD_MATCH = YES;
				COPY_PHASE_STRIP = NO;
				DEBUG_INFORMATION_FORMAT = "dwarf-with-dsym";
				ENABLE_NS_ASSERTIONS = NO;
				ENABLE_STRICT_OBJC_MSGSEND = YES;
				GCC_C_LANGUAGE_STANDARD = gnu11;
				GCC_NO_COMMON_BLOCKS = YES;
				GCC_WARN_64_TO_32_BIT_CONVERSION = YES;
				GCC_WARN_ABOUT_RETURN_TYPE = YES_ERROR;
				GCC_WARN_UNDECLARED_SELECTOR = YES;
				GCC_WARN_UNINITIALIZED_AUTOS = YES_AGGRESSIVE;
				GCC_WARN_UNUSED_FUNCTION = YES;
				GCC_WARN_UNUSED_VARIABLE = YES;
				IPHONEOS_DEPLOYMENT_TARGET = 15.5;
				MTL_ENABLE_DEBUG_INFO = NO;
				MTL_FAST_MATH = YES;
				SDKROOT = iphoneos;
				SWIFT_COMPILATION_MODE = wholemodule;
				SWIFT_OPTIMIZATION_LEVEL = "-O";
				VALIDATE_PRODUCT = YES;
			};
			name = Release;
		};
		7B46367C291592B1002B23C6 /* Debug */ = {
			isa = XCBuildConfiguration;
			buildSettings = {
				ASSETCATALOG_COMPILER_APPICON_NAME = AppIcon;
				ASSETCATALOG_COMPILER_GLOBAL_ACCENT_COLOR_NAME = AccentColor;
				CODE_SIGN_STYLE = Automatic;
				CURRENT_PROJECT_VERSION = 1;
				DEVELOPMENT_TEAM = S5ZVG5XXCG;
				GENERATE_INFOPLIST_FILE = YES;
				INFOPLIST_FILE = "Photo Gallery App UiKit/Info.plist";
				INFOPLIST_KEY_UIApplicationSupportsIndirectInputEvents = YES;
				INFOPLIST_KEY_UILaunchStoryboardName = LaunchScreen;
				INFOPLIST_KEY_UIMainStoryboardFile = Main;
				INFOPLIST_KEY_UISupportedInterfaceOrientations_iPad = "UIInterfaceOrientationPortrait UIInterfaceOrientationPortraitUpsideDown UIInterfaceOrientationLandscapeLeft UIInterfaceOrientationLandscapeRight";
				INFOPLIST_KEY_UISupportedInterfaceOrientations_iPhone = "UIInterfaceOrientationPortrait UIInterfaceOrientationLandscapeLeft UIInterfaceOrientationLandscapeRight";
				LD_RUNPATH_SEARCH_PATHS = (
					"$(inherited)",
					"@executable_path/Frameworks",
				);
				MARKETING_VERSION = 1.0;
				PRODUCT_BUNDLE_IDENTIFIER = dev.zoominitcode.photo.gallery.app.uikit;
				PRODUCT_NAME = "$(TARGET_NAME)";
				SWIFT_EMIT_LOC_STRINGS = YES;
				SWIFT_VERSION = 5.0;
				TARGETED_DEVICE_FAMILY = 1;
			};
			name = Debug;
		};
		7B46367D291592B1002B23C6 /* Release */ = {
			isa = XCBuildConfiguration;
			buildSettings = {
				ASSETCATALOG_COMPILER_APPICON_NAME = AppIcon;
				ASSETCATALOG_COMPILER_GLOBAL_ACCENT_COLOR_NAME = AccentColor;
				CODE_SIGN_STYLE = Automatic;
				CURRENT_PROJECT_VERSION = 1;
				DEVELOPMENT_TEAM = S5ZVG5XXCG;
				GENERATE_INFOPLIST_FILE = YES;
				INFOPLIST_FILE = "Photo Gallery App UiKit/Info.plist";
				INFOPLIST_KEY_UIApplicationSupportsIndirectInputEvents = YES;
				INFOPLIST_KEY_UILaunchStoryboardName = LaunchScreen;
				INFOPLIST_KEY_UIMainStoryboardFile = Main;
				INFOPLIST_KEY_UISupportedInterfaceOrientations_iPad = "UIInterfaceOrientationPortrait UIInterfaceOrientationPortraitUpsideDown UIInterfaceOrientationLandscapeLeft UIInterfaceOrientationLandscapeRight";
				INFOPLIST_KEY_UISupportedInterfaceOrientations_iPhone = "UIInterfaceOrientationPortrait UIInterfaceOrientationLandscapeLeft UIInterfaceOrientationLandscapeRight";
				LD_RUNPATH_SEARCH_PATHS = (
					"$(inherited)",
					"@executable_path/Frameworks",
				);
				MARKETING_VERSION = 1.0;
				PRODUCT_BUNDLE_IDENTIFIER = dev.zoominitcode.photo.gallery.app.uikit;
				PRODUCT_NAME = "$(TARGET_NAME)";
				SWIFT_EMIT_LOC_STRINGS = YES;
				SWIFT_VERSION = 5.0;
				TARGETED_DEVICE_FAMILY = 1;
			};
			name = Release;
		};
		7B46367F291592B1002B23C6 /* Debug */ = {
			isa = XCBuildConfiguration;
			buildSettings = {
				ALWAYS_EMBED_SWIFT_STANDARD_LIBRARIES = YES;
				BUNDLE_LOADER = "$(TEST_HOST)";
				CODE_SIGN_STYLE = Automatic;
				CURRENT_PROJECT_VERSION = 1;
				DEVELOPMENT_TEAM = S5ZVG5XXCG;
				GENERATE_INFOPLIST_FILE = YES;
				IPHONEOS_DEPLOYMENT_TARGET = 15.5;
				MARKETING_VERSION = 1.0;
				PRODUCT_BUNDLE_IDENTIFIER = "dev.zoominitcode.photo.gallery.app.uikit.Photo-Gallery-App-UiKitTests";
				PRODUCT_NAME = "$(TARGET_NAME)";
				SWIFT_EMIT_LOC_STRINGS = NO;
				SWIFT_VERSION = 5.0;
				TARGETED_DEVICE_FAMILY = "1,2";
				TEST_HOST = "$(BUILT_PRODUCTS_DIR)/Photo Gallery App UiKit.app/Photo Gallery App UiKit";
			};
			name = Debug;
		};
		7B463680291592B1002B23C6 /* Release */ = {
			isa = XCBuildConfiguration;
			buildSettings = {
				ALWAYS_EMBED_SWIFT_STANDARD_LIBRARIES = YES;
				BUNDLE_LOADER = "$(TEST_HOST)";
				CODE_SIGN_STYLE = Automatic;
				CURRENT_PROJECT_VERSION = 1;
				DEVELOPMENT_TEAM = S5ZVG5XXCG;
				GENERATE_INFOPLIST_FILE = YES;
				IPHONEOS_DEPLOYMENT_TARGET = 15.5;
				MARKETING_VERSION = 1.0;
				PRODUCT_BUNDLE_IDENTIFIER = "dev.zoominitcode.photo.gallery.app.uikit.Photo-Gallery-App-UiKitTests";
				PRODUCT_NAME = "$(TARGET_NAME)";
				SWIFT_EMIT_LOC_STRINGS = NO;
				SWIFT_VERSION = 5.0;
				TARGETED_DEVICE_FAMILY = "1,2";
				TEST_HOST = "$(BUILT_PRODUCTS_DIR)/Photo Gallery App UiKit.app/Photo Gallery App UiKit";
			};
			name = Release;
		};
		7B463682291592B1002B23C6 /* Debug */ = {
			isa = XCBuildConfiguration;
			buildSettings = {
				ALWAYS_EMBED_SWIFT_STANDARD_LIBRARIES = YES;
				CODE_SIGN_STYLE = Automatic;
				CURRENT_PROJECT_VERSION = 1;
				DEVELOPMENT_TEAM = S5ZVG5XXCG;
				GENERATE_INFOPLIST_FILE = YES;
				MARKETING_VERSION = 1.0;
				PRODUCT_BUNDLE_IDENTIFIER = "dev.zoominitcode.photo.gallery.app.uikit.Photo-Gallery-App-UiKitUITests";
				PRODUCT_NAME = "$(TARGET_NAME)";
				SWIFT_EMIT_LOC_STRINGS = NO;
				SWIFT_VERSION = 5.0;
				TARGETED_DEVICE_FAMILY = "1,2";
				TEST_TARGET_NAME = "Photo Gallery App UiKit";
			};
			name = Debug;
		};
		7B463683291592B1002B23C6 /* Release */ = {
			isa = XCBuildConfiguration;
			buildSettings = {
				ALWAYS_EMBED_SWIFT_STANDARD_LIBRARIES = YES;
				CODE_SIGN_STYLE = Automatic;
				CURRENT_PROJECT_VERSION = 1;
				DEVELOPMENT_TEAM = S5ZVG5XXCG;
				GENERATE_INFOPLIST_FILE = YES;
				MARKETING_VERSION = 1.0;
				PRODUCT_BUNDLE_IDENTIFIER = "dev.zoominitcode.photo.gallery.app.uikit.Photo-Gallery-App-UiKitUITests";
				PRODUCT_NAME = "$(TARGET_NAME)";
				SWIFT_EMIT_LOC_STRINGS = NO;
				SWIFT_VERSION = 5.0;
				TARGETED_DEVICE_FAMILY = "1,2";
				TEST_TARGET_NAME = "Photo Gallery App UiKit";
			};
			name = Release;
		};
/* End XCBuildConfiguration section */

/* Begin XCConfigurationList section */
		7B46364C291592AD002B23C6 /* Build configuration list for PBXProject "Photo Gallery App UiKit" */ = {
			isa = XCConfigurationList;
			buildConfigurations = (
				7B463679291592B1002B23C6 /* Debug */,
				7B46367A291592B1002B23C6 /* Release */,
			);
			defaultConfigurationIsVisible = 0;
			defaultConfigurationName = Release;
		};
		7B46367B291592B1002B23C6 /* Build configuration list for PBXNativeTarget "Photo Gallery App UiKit" */ = {
			isa = XCConfigurationList;
			buildConfigurations = (
				7B46367C291592B1002B23C6 /* Debug */,
				7B46367D291592B1002B23C6 /* Release */,
			);
			defaultConfigurationIsVisible = 0;
			defaultConfigurationName = Release;
		};
		7B46367E291592B1002B23C6 /* Build configuration list for PBXNativeTarget "Photo Gallery App UiKitTests" */ = {
			isa = XCConfigurationList;
			buildConfigurations = (
				7B46367F291592B1002B23C6 /* Debug */,
				7B463680291592B1002B23C6 /* Release */,
			);
			defaultConfigurationIsVisible = 0;
			defaultConfigurationName = Release;
		};
		7B463681291592B1002B23C6 /* Build configuration list for PBXNativeTarget "Photo Gallery App UiKitUITests" */ = {
			isa = XCConfigurationList;
			buildConfigurations = (
				7B463682291592B1002B23C6 /* Debug */,
				7B463683291592B1002B23C6 /* Release */,
			);
			defaultConfigurationIsVisible = 0;
			defaultConfigurationName = Release;
		};
/* End XCConfigurationList section */

/* Begin XCRemoteSwiftPackageReference section */
		7BC068D0292D22A900975349 /* XCRemoteSwiftPackageReference "IQKeyboardManager" */ = {
			isa = XCRemoteSwiftPackageReference;
			repositoryURL = "https://github.com/hackiftekhar/IQKeyboardManager";
			requirement = {
				kind = upToNextMajorVersion;
				minimumVersion = 6.5.0;
			};
		};
/* End XCRemoteSwiftPackageReference section */

/* Begin XCSwiftPackageProductDependency section */
		7BC068D1292D22A900975349 /* IQKeyboardManagerSwift */ = {
			isa = XCSwiftPackageProductDependency;
			package = 7BC068D0292D22A900975349 /* XCRemoteSwiftPackageReference "IQKeyboardManager" */;
			productName = IQKeyboardManagerSwift;
		};
/* End XCSwiftPackageProductDependency section */
	};
	rootObject = 7B463649291592AD002B23C6 /* Project object */;
}
